<Solution>
  <Folder Name="/samples/">
    <Project Path="samples/SampleDashboard/SampleDashboard.csproj" />
  </Folder>
  <Folder Name="/src/">
    <Project Path="src/GameDashboard.Core/GameDashboard.Core.csproj" />
    <Project Path="src/GameDashboard.UI/GameDashboard.UI.csproj" />
  </Folder>
</Solution>
